
Microsoft Visual Studio Solution File, Format Version 12.00
# Visual Studio Version 16
VisualStudioVersion = 16.0.30114.105
MinimumVisualStudioVersion = 10.0.40219.1
Project("{2150E333-8FDC-42A3-9474-1A3956D46DE8}") = "Application", "Application", "{2021ABE4-19F3-43E9-8BAA-DCF395C908A2}"
EndProject
Project("{9A19103F-16F7-4668-BE54-9A1E7A4F7556}") = "NetCore.Services", "NetCore.Service\NetCore.Services.csproj", "{92DB936E-7C8A-4D64-9CE4-7CF02AC605B7}"
EndProject
Project("{2150E333-8FDC-42A3-9474-1A3956D46DE8}") = "Infrastructrue", "Infrastructrue", "{9CFFB9C7-E0A2-4551-B0F1-D11A9A7B005A}"
EndProject
Project("{2150E333-8FDC-42A3-9474-1A3956D46DE8}") = "Presentation", "Presentation", "{5E2D8827-BD3C-4758-83FB-7A78C8ADD756}"
EndProject
Project("{2150E333-8FDC-42A3-9474-1A3956D46DE8}") = "src", "src", "{7C2FDC33-2530-4EEB-90B9-69CC7C820B55}"
EndProject
Project("{2150E333-8FDC-42A3-9474-1A3956D46DE8}") = "test", "test", "{4E9F8AD3-D1D1-42AB-8D1B-BCE353B1A6F5}"
EndProject
Project("{2150E333-8FDC-42A3-9474-1A3956D46DE8}") = "vue", "vue", "{2EAA19DD-DC28-47AB-9509-719382363671}"
EndProject
Project("{2150E333-8FDC-42A3-9474-1A3956D46DE8}") = "Domain", "Domain", "{821C3ACB-14F9-4561-9E2C-6E26DFF4BE64}"
EndProject
Project("{9A19103F-16F7-4668-BE54-9A1E7A4F7556}") = "NetCoreApp", "NetCoreApp\NetCoreApp.csproj", "{7A09BAF2-F065-4241-B825-FA51A458E961}"
EndProject
Project("{9A19103F-16F7-4668-BE54-9A1E7A4F7556}") = "NetCore.EntityFrameworkCore", "NetCore.EntityFrameworkCore\NetCore.EntityFrameworkCore.csproj", "{8A8C9A30-DAE6-4692-BD20-1B53B5A8E820}"
EndProject
Project("{9A19103F-16F7-4668-BE54-9A1E7A4F7556}") = "NetCore.Repository", "NetCore.Repository\NetCore.Repository.csproj", "{FA4AFD6E-5592-4A52-8F5B-C91F61F87304}"
EndProject
Project("{9A19103F-16F7-4668-BE54-9A1E7A4F7556}") = "NetCore.IRepository", "NetCore.IRepository\NetCore.IRepository.csproj", "{01748D9C-292A-4DE7-B3FF-E41476A8FE85}"
EndProject
Project("{9A19103F-16F7-4668-BE54-9A1E7A4F7556}") = "NetCore.Core", "NetCore.Core\NetCore.Core.csproj", "{8FEC661E-F764-42CE-86B0-5C437848F9E4}"
EndProject
Project("{9A19103F-16F7-4668-BE54-9A1E7A4F7556}") = "NetCore.IServices", "NetCore.IService\NetCore.IServices.csproj", "{B051CF22-054F-4F4B-BD61-4DF352CCA271}"
EndProject
Project("{9A19103F-16F7-4668-BE54-9A1E7A4F7556}") = "NetCore.DTO", "NetCore.DTO\NetCore.DTO.csproj", "{75CD331B-991A-45C0-9ED1-4D0E8CD4FFAF}"
EndProject
Project("{FAE04EC0-301F-11D3-BF4B-00C04F79EFBC}") = "NetCore.Domain", "NetCore.Domain\NetCore.Domain.csproj", "{A3CD3479-FC27-4B11-9215-14C49117217D}"
EndProject
Global
	GlobalSection(SolutionConfigurationPlatforms) = preSolution
		Debug|Any CPU = Debug|Any CPU
		Release|Any CPU = Release|Any CPU
	EndGlobalSection
	GlobalSection(ProjectConfigurationPlatforms) = postSolution
		{92DB936E-7C8A-4D64-9CE4-7CF02AC605B7}.Debug|Any CPU.ActiveCfg = Debug|Any CPU
		{92DB936E-7C8A-4D64-9CE4-7CF02AC605B7}.Debug|Any CPU.Build.0 = Debug|Any CPU
		{92DB936E-7C8A-4D64-9CE4-7CF02AC605B7}.Release|Any CPU.ActiveCfg = Release|Any CPU
		{92DB936E-7C8A-4D64-9CE4-7CF02AC605B7}.Release|Any CPU.Build.0 = Release|Any CPU
		{7A09BAF2-F065-4241-B825-FA51A458E961}.Debug|Any CPU.ActiveCfg = Debug|Any CPU
		{7A09BAF2-F065-4241-B825-FA51A458E961}.Debug|Any CPU.Build.0 = Debug|Any CPU
		{7A09BAF2-F065-4241-B825-FA51A458E961}.Release|Any CPU.ActiveCfg = Release|Any CPU
		{7A09BAF2-F065-4241-B825-FA51A458E961}.Release|Any CPU.Build.0 = Release|Any CPU
		{8A8C9A30-DAE6-4692-BD20-1B53B5A8E820}.Debug|Any CPU.ActiveCfg = Debug|Any CPU
		{8A8C9A30-DAE6-4692-BD20-1B53B5A8E820}.Debug|Any CPU.Build.0 = Debug|Any CPU
		{8A8C9A30-DAE6-4692-BD20-1B53B5A8E820}.Release|Any CPU.ActiveCfg = Release|Any CPU
		{8A8C9A30-DAE6-4692-BD20-1B53B5A8E820}.Release|Any CPU.Build.0 = Release|Any CPU
		{FA4AFD6E-5592-4A52-8F5B-C91F61F87304}.Debug|Any CPU.ActiveCfg = Debug|Any CPU
		{FA4AFD6E-5592-4A52-8F5B-C91F61F87304}.Debug|Any CPU.Build.0 = Debug|Any CPU
		{FA4AFD6E-5592-4A52-8F5B-C91F61F87304}.Release|Any CPU.ActiveCfg = Release|Any CPU
		{FA4AFD6E-5592-4A52-8F5B-C91F61F87304}.Release|Any CPU.Build.0 = Release|Any CPU
		{01748D9C-292A-4DE7-B3FF-E41476A8FE85}.Debug|Any CPU.ActiveCfg = Debug|Any CPU
		{01748D9C-292A-4DE7-B3FF-E41476A8FE85}.Debug|Any CPU.Build.0 = Debug|Any CPU
		{01748D9C-292A-4DE7-B3FF-E41476A8FE85}.Release|Any CPU.ActiveCfg = Release|Any CPU
		{01748D9C-292A-4DE7-B3FF-E41476A8FE85}.Release|Any CPU.Build.0 = Release|Any CPU
		{8FEC661E-F764-42CE-86B0-5C437848F9E4}.Debug|Any CPU.ActiveCfg = Debug|Any CPU
		{8FEC661E-F764-42CE-86B0-5C437848F9E4}.Debug|Any CPU.Build.0 = Debug|Any CPU
		{8FEC661E-F764-42CE-86B0-5C437848F9E4}.Release|Any CPU.ActiveCfg = Release|Any CPU
		{8FEC661E-F764-42CE-86B0-5C437848F9E4}.Release|Any CPU.Build.0 = Release|Any CPU
		{B051CF22-054F-4F4B-BD61-4DF352CCA271}.Debug|Any CPU.ActiveCfg = Debug|Any CPU
		{B051CF22-054F-4F4B-BD61-4DF352CCA271}.Debug|Any CPU.Build.0 = Debug|Any CPU
		{B051CF22-054F-4F4B-BD61-4DF352CCA271}.Release|Any CPU.ActiveCfg = Release|Any CPU
		{B051CF22-054F-4F4B-BD61-4DF352CCA271}.Release|Any CPU.Build.0 = Release|Any CPU
		{75CD331B-991A-45C0-9ED1-4D0E8CD4FFAF}.Debug|Any CPU.ActiveCfg = Debug|Any CPU
		{75CD331B-991A-45C0-9ED1-4D0E8CD4FFAF}.Debug|Any CPU.Build.0 = Debug|Any CPU
		{75CD331B-991A-45C0-9ED1-4D0E8CD4FFAF}.Release|Any CPU.ActiveCfg = Release|Any CPU
		{75CD331B-991A-45C0-9ED1-4D0E8CD4FFAF}.Release|Any CPU.Build.0 = Release|Any CPU
		{A3CD3479-FC27-4B11-9215-14C49117217D}.Debug|Any CPU.ActiveCfg = Debug|Any CPU
		{A3CD3479-FC27-4B11-9215-14C49117217D}.Debug|Any CPU.Build.0 = Debug|Any CPU
		{A3CD3479-FC27-4B11-9215-14C49117217D}.Release|Any CPU.ActiveCfg = Release|Any CPU
		{A3CD3479-FC27-4B11-9215-14C49117217D}.Release|Any CPU.Build.0 = Release|Any CPU
	EndGlobalSection
	GlobalSection(SolutionProperties) = preSolution
		HideSolutionNode = FALSE
	EndGlobalSection
	GlobalSection(NestedProjects) = preSolution
		{2021ABE4-19F3-43E9-8BAA-DCF395C908A2} = {7C2FDC33-2530-4EEB-90B9-69CC7C820B55}
		{92DB936E-7C8A-4D64-9CE4-7CF02AC605B7} = {2021ABE4-19F3-43E9-8BAA-DCF395C908A2}
		{9CFFB9C7-E0A2-4551-B0F1-D11A9A7B005A} = {7C2FDC33-2530-4EEB-90B9-69CC7C820B55}
		{5E2D8827-BD3C-4758-83FB-7A78C8ADD756} = {7C2FDC33-2530-4EEB-90B9-69CC7C820B55}
		{821C3ACB-14F9-4561-9E2C-6E26DFF4BE64} = {7C2FDC33-2530-4EEB-90B9-69CC7C820B55}
		{7A09BAF2-F065-4241-B825-FA51A458E961} = {5E2D8827-BD3C-4758-83FB-7A78C8ADD756}
		{8A8C9A30-DAE6-4692-BD20-1B53B5A8E820} = {9CFFB9C7-E0A2-4551-B0F1-D11A9A7B005A}
		{FA4AFD6E-5592-4A52-8F5B-C91F61F87304} = {9CFFB9C7-E0A2-4551-B0F1-D11A9A7B005A}
		{01748D9C-292A-4DE7-B3FF-E41476A8FE85} = {9CFFB9C7-E0A2-4551-B0F1-D11A9A7B005A}
		{8FEC661E-F764-42CE-86B0-5C437848F9E4} = {9CFFB9C7-E0A2-4551-B0F1-D11A9A7B005A}
		{B051CF22-054F-4F4B-BD61-4DF352CCA271} = {2021ABE4-19F3-43E9-8BAA-DCF395C908A2}
		{75CD331B-991A-45C0-9ED1-4D0E8CD4FFAF} = {2021ABE4-19F3-43E9-8BAA-DCF395C908A2}
		{A3CD3479-FC27-4B11-9215-14C49117217D} = {821C3ACB-14F9-4561-9E2C-6E26DFF4BE64}
	EndGlobalSection
	GlobalSection(ExtensibilityGlobals) = postSolution
		SolutionGuid = {CAB3E31B-3AC5-4EAC-B743-248C897D19AC}
	EndGlobalSection
EndGlobal
